// !$*UTF8*$!
{
	archiveVersion = 1;
	classes = {
	};
	objectVersion = 56;
	objects = {

/* Begin PBXBuildFile section */
		5704EDD42C21D4C100B65E37 /* AddSuggestionView.swift in Sources */ = {isa = PBXBuildFile; fileRef = 5704EDD32C21D4C100B65E37 /* AddSuggestionView.swift */; };
		570C40D82DA012A900D39F48 /* Filter.swift in Sources */ = {isa = PBXBuildFile; fileRef = 570C40D72DA012A900D39F48 /* Filter.swift */; };
		570C41102DAC36A000D39F48 /* SearchFilter.swift in Sources */ = {isa = PBXBuildFile; fileRef = 570C410F2DAC36A000D39F48 /* SearchFilter.swift */; };
		5733638D2C188DD7000A48C0 /* Yelp.swift in Sources */ = {isa = PBXBuildFile; fileRef = 5733638C2C188DD7000A48C0 /* Yelp.swift */; };
		5793AE892C13869200BFB097 /* LCSYelpApp.swift in Sources */ = {isa = PBXBuildFile; fileRef = 5793AE882C13869200BFB097 /* LCSYelpApp.swift */; };
		5793AE8B2C13869200BFB097 /* SettingsView.swift in Sources */ = {isa = PBXBuildFile; fileRef = 5793AE8A2C13869200BFB097 /* SettingsView.swift */; };
		5793AE8D2C13869400BFB097 /* Assets.xcassets in Resources */ = {isa = PBXBuildFile; fileRef = 5793AE8C2C13869400BFB097 /* Assets.xcassets */; };
		5793AE902C13869400BFB097 /* Preview Assets.xcassets in Resources */ = {isa = PBXBuildFile; fileRef = 5793AE8F2C13869400BFB097 /* Preview Assets.xcassets */; };
		57D8DA762C188074007554AA /* FriendsListView.swift in Sources */ = {isa = PBXBuildFile; fileRef = 57D8DA752C188074007554AA /* FriendsListView.swift */; };
		57D93D502C21C4BE007D9DF6 /* SuggestionsFeedView.swift in Sources */ = {isa = PBXBuildFile; fileRef = 57D93D4F2C21C4BE007D9DF6 /* SuggestionsFeedView.swift */; };
		57D93D522C21CD23007D9DF6 /* SuggestionsView.swift in Sources */ = {isa = PBXBuildFile; fileRef = 57D93D512C21CD23007D9DF6 /* SuggestionsView.swift */; };
		57F556602C18C67000C91E97 /* FriendView.swift in Sources */ = {isa = PBXBuildFile; fileRef = 57F5565F2C18C67000C91E97 /* FriendView.swift */; };
		57F556802C1B562E00C91E97 /* AddFriendView.swift in Sources */ = {isa = PBXBuildFile; fileRef = 57F5567F2C1B562E00C91E97 /* AddFriendView.swift */; };
		57F556822C1C94E800C91E97 /* Suggestion.swift in Sources */ = {isa = PBXBuildFile; fileRef = 57F556812C1C94E800C91E97 /* Suggestion.swift */; };
		57F556842C1C999A00C91E97 /* AInfo.swift in Sources */ = {isa = PBXBuildFile; fileRef = 57F556832C1C999A00C91E97 /* AInfo.swift */; };
/* End PBXBuildFile section */

/* Begin PBXFileReference section */
		5704EDD32C21D4C100B65E37 /* AddSuggestionView.swift */ = {isa = PBXFileReference; lastKnownFileType = sourcecode.swift; path = AddSuggestionView.swift; sourceTree = "<group>"; };
		570C40D72DA012A900D39F48 /* Filter.swift */ = {isa = PBXFileReference; lastKnownFileType = sourcecode.swift; path = Filter.swift; sourceTree = "<group>"; };
		570C410F2DAC36A000D39F48 /* SearchFilter.swift */ = {isa = PBXFileReference; lastKnownFileType = sourcecode.swift; path = SearchFilter.swift; sourceTree = "<group>"; };
		5733638C2C188DD7000A48C0 /* Yelp.swift */ = {isa = PBXFileReference; lastKnownFileType = sourcecode.swift; path = Yelp.swift; sourceTree = "<group>"; };
		5793AE852C13869200BFB097 /* LCSYelp.app */ = {isa = PBXFileReference; explicitFileType = wrapper.application; includeInIndex = 0; path = LCSYelp.app; sourceTree = BUILT_PRODUCTS_DIR; };
		5793AE882C13869200BFB097 /* LCSYelpApp.swift */ = {isa = PBXFileReference; lastKnownFileType = sourcecode.swift; path = LCSYelpApp.swift; sourceTree = "<group>"; };
		5793AE8A2C13869200BFB097 /* SettingsView.swift */ = {isa = PBXFileReference; lastKnownFileType = sourcecode.swift; path = SettingsView.swift; sourceTree = "<group>"; };
		5793AE8C2C13869400BFB097 /* Assets.xcassets */ = {isa = PBXFileReference; lastKnownFileType = folder.assetcatalog; path = Assets.xcassets; sourceTree = "<group>"; };
		5793AE8F2C13869400BFB097 /* Preview Assets.xcassets */ = {isa = PBXFileReference; lastKnownFileType = folder.assetcatalog; path = "Preview Assets.xcassets"; sourceTree = "<group>"; };
		57D8DA752C188074007554AA /* FriendsListView.swift */ = {isa = PBXFileReference; lastKnownFileType = sourcecode.swift; path = FriendsListView.swift; sourceTree = "<group>"; };
		57D93D4F2C21C4BE007D9DF6 /* SuggestionsFeedView.swift */ = {isa = PBXFileReference; lastKnownFileType = sourcecode.swift; path = SuggestionsFeedView.swift; sourceTree = "<group>"; };
		57D93D512C21CD23007D9DF6 /* SuggestionsView.swift */ = {isa = PBXFileReference; lastKnownFileType = sourcecode.swift; path = SuggestionsView.swift; sourceTree = "<group>"; };
		57F5565F2C18C67000C91E97 /* FriendView.swift */ = {isa = PBXFileReference; lastKnownFileType = sourcecode.swift; path = FriendView.swift; sourceTree = "<group>"; };
		57F5567F2C1B562E00C91E97 /* AddFriendView.swift */ = {isa = PBXFileReference; lastKnownFileType = sourcecode.swift; path = AddFriendView.swift; sourceTree = "<group>"; };
		57F556812C1C94E800C91E97 /* Suggestion.swift */ = {isa = PBXFileReference; lastKnownFileType = sourcecode.swift; path = Suggestion.swift; sourceTree = "<group>"; };
		57F556832C1C999A00C91E97 /* AInfo.swift */ = {isa = PBXFileReference; lastKnownFileType = sourcecode.swift; path = AInfo.swift; sourceTree = "<group>"; };
/* End PBXFileReference section */

/* Begin PBXFrameworksBuildPhase section */
		5793AE822C13869200BFB097 /* Frameworks */ = {
			isa = PBXFrameworksBuildPhase;
			buildActionMask = 2147483647;
			files = (
			);
			runOnlyForDeploymentPostprocessing = 0;
		};
/* End PBXFrameworksBuildPhase section */

/* Begin PBXGroup section */
		570C40D52DA0126100D39F48 /* Functions */ = {
			isa = PBXGroup;
			children = (
				570C410F2DAC36A000D39F48 /* SearchFilter.swift */,
			);
			path = Functions;
			sourceTree = "<group>";
		};
		5733638A2C188AA0000A48C0 /* Model */ = {
			isa = PBXGroup;
			children = (
				570C40D72DA012A900D39F48 /* Filter.swift */,
				5733638C2C188DD7000A48C0 /* Yelp.swift */,
				57F556812C1C94E800C91E97 /* Suggestion.swift */,
				57F556832C1C999A00C91E97 /* AInfo.swift */,
			);
			path = Model;
			sourceTree = "<group>";
		};
		5733638B2C188AAF000A48C0 /* Views */ = {
			isa = PBXGroup;
			children = (
				57D8DA752C188074007554AA /* FriendsListView.swift */,
				5793AE8A2C13869200BFB097 /* SettingsView.swift */,
				57F5565F2C18C67000C91E97 /* FriendView.swift */,
				57F5567F2C1B562E00C91E97 /* AddFriendView.swift */,
				57D93D4F2C21C4BE007D9DF6 /* SuggestionsFeedView.swift */,
				57D93D512C21CD23007D9DF6 /* SuggestionsView.swift */,
				5704EDD32C21D4C100B65E37 /* AddSuggestionView.swift */,
			);
			path = Views;
			sourceTree = "<group>";
		};
		5793AE7C2C13869200BFB097 = {
			isa = PBXGroup;
			children = (
				570C40D52DA0126100D39F48 /* Functions */,
				5793AE872C13869200BFB097 /* LCSYelp */,
				5793AE862C13869200BFB097 /* Products */,
			);
			sourceTree = "<group>";
		};
		5793AE862C13869200BFB097 /* Products */ = {
			isa = PBXGroup;
			children = (
				5793AE852C13869200BFB097 /* LCSYelp.app */,
			);
			name = Products;
			sourceTree = "<group>";
		};
		5793AE872C13869200BFB097 /* LCSYelp */ = {
			isa = PBXGroup;
			children = (
				5793AE882C13869200BFB097 /* LCSYelpApp.swift */,
				5733638A2C188AA0000A48C0 /* Model */,
				5733638B2C188AAF000A48C0 /* Views */,
				5793AE8E2C13869400BFB097 /* Preview Content */,
				5793AE8C2C13869400BFB097 /* Assets.xcassets */,
			);
			path = LCSYelp;
			sourceTree = "<group>";
		};
		5793AE8E2C13869400BFB097 /* Preview Content */ = {
			isa = PBXGroup;
			children = (
				5793AE8F2C13869400BFB097 /* Preview Assets.xcassets */,
			);
			path = "Preview Content";
			sourceTree = "<group>";
		};
/* End PBXGroup section */

/* Begin PBXNativeTarget section */
		5793AE842C13869200BFB097 /* LCSYelp */ = {
			isa = PBXNativeTarget;
			buildConfigurationList = 5793AE932C13869400BFB097 /* Build configuration list for PBXNativeTarget "LCSYelp" */;
			buildPhases = (
				5793AE812C13869200BFB097 /* Sources */,
				5793AE822C13869200BFB097 /* Frameworks */,
				5793AE832C13869200BFB097 /* Resources */,
			);
			buildRules = (
			);
			dependencies = (
			);
			name = LCSYelp;
			productName = LCSYelp;
			productReference = 5793AE852C13869200BFB097 /* LCSYelp.app */;
			productType = "com.apple.product-type.application";
		};
/* End PBXNativeTarget section */

/* Begin PBXProject section */
		5793AE7D2C13869200BFB097 /* Project object */ = {
			isa = PBXProject;
			attributes = {
				BuildIndependentTargetsInParallel = 1;
				LastSwiftUpdateCheck = 1540;
				LastUpgradeCheck = 1540;
				TargetAttributes = {
					5793AE842C13869200BFB097 = {
						CreatedOnToolsVersion = 15.4;
					};
				};
			};
			buildConfigurationList = 5793AE802C13869200BFB097 /* Build configuration list for PBXProject "LCSYelp" */;
			compatibilityVersion = "Xcode 14.0";
			developmentRegion = en;
			hasScannedForEncodings = 0;
			knownRegions = (
				en,
				Base,
			);
			mainGroup = 5793AE7C2C13869200BFB097;
			productRefGroup = 5793AE862C13869200BFB097 /* Products */;
			projectDirPath = "";
			projectRoot = "";
			targets = (
				5793AE842C13869200BFB097 /* LCSYelp */,
			);
		};
/* End PBXProject section */

/* Begin PBXResourcesBuildPhase section */
		5793AE832C13869200BFB097 /* Resources */ = {
			isa = PBXResourcesBuildPhase;
			buildActionMask = 2147483647;
			files = (
				5793AE902C13869400BFB097 /* Preview Assets.xcassets in Resources */,
				5793AE8D2C13869400BFB097 /* Assets.xcassets in Resources */,
			);
			runOnlyForDeploymentPostprocessing = 0;
		};
/* End PBXResourcesBuildPhase section */

/* Begin PBXSourcesBuildPhase section */
		5793AE812C13869200BFB097 /* Sources */ = {
			isa = PBXSourcesBuildPhase;
			buildActionMask = 2147483647;
			files = (
				57D93D522C21CD23007D9DF6 /* SuggestionsView.swift in Sources */,
				570C40D82DA012A900D39F48 /* Filter.swift in Sources */,
				57D8DA762C188074007554AA /* FriendsListView.swift in Sources */,
				5704EDD42C21D4C100B65E37 /* AddSuggestionView.swift in Sources */,
				57D93D502C21C4BE007D9DF6 /* SuggestionsFeedView.swift in Sources */,
				57F556602C18C67000C91E97 /* FriendView.swift in Sources */,
				57F556842C1C999A00C91E97 /* AInfo.swift in Sources */,
				5793AE8B2C13869200BFB097 /* SettingsView.swift in Sources */,
				57F556822C1C94E800C91E97 /* Suggestion.swift in Sources */,
				570C41102DAC36A000D39F48 /* SearchFilter.swift in Sources */,
				5793AE892C13869200BFB097 /* LCSYelpApp.swift in Sources */,
				57F556802C1B562E00C91E97 /* AddFriendView.swift in Sources */,
				5733638D2C188DD7000A48C0 /* Yelp.swift in Sources */,
			);
			runOnlyForDeploymentPostprocessing = 0;
		};
/* End PBXSourcesBuildPhase section */

/* Begin XCBuildConfiguration section */
		5793AE912C13869400BFB097 /* Debug */ = {
			isa = XCBuildConfiguration;
			buildSettings = {
				ALWAYS_SEARCH_USER_PATHS = NO;
				ASSETCATALOG_COMPILER_GENERATE_SWIFT_ASSET_SYMBOL_EXTENSIONS = YES;
				CLANG_ANALYZER_NONNULL = YES;
				CLANG_ANALYZER_NUMBER_OBJECT_CONVERSION = YES_AGGRESSIVE;
				CLANG_CXX_LANGUAGE_STANDARD = "gnu++20";
				CLANG_ENABLE_MODULES = YES;
				CLANG_ENABLE_OBJC_ARC = YES;
				CLANG_ENABLE_OBJC_WEAK = YES;
				CLANG_WARN_BLOCK_CAPTURE_AUTORELEASING = YES;
				CLANG_WARN_BOOL_CONVERSION = YES;
				CLANG_WARN_COMMA = YES;
				CLANG_WARN_CONSTANT_CONVERSION = YES;
				CLANG_WARN_DEPRECATED_OBJC_IMPLEMENTATIONS = YES;
				CLANG_WARN_DIRECT_OBJC_ISA_USAGE = YES_ERROR;
				CLANG_WARN_DOCUMENTATION_COMMENTS = YES;
				CLANG_WARN_EMPTY_BODY = YES;
				CLANG_WARN_ENUM_CONVERSION = YES;
				CLANG_WARN_INFINITE_RECURSION = YES;
				CLANG_WARN_INT_CONVERSION = YES;
				CLANG_WARN_NON_LITERAL_NULL_CONVERSION = YES;
				CLANG_WARN_OBJC_IMPLICIT_RETAIN_SELF = YES;
				CLANG_WARN_OBJC_LITERAL_CONVERSION = YES;
				CLANG_WARN_OBJC_ROOT_CLASS = YES_ERROR;
				CLANG_WARN_QUOTED_INCLUDE_IN_FRAMEWORK_HEADER = YES;
				CLANG_WARN_RANGE_LOOP_ANALYSIS = YES;
				CLANG_WARN_STRICT_PROTOTYPES = YES;
				CLANG_WARN_SUSPICIOUS_MOVE = YES;
				CLANG_WARN_UNGUARDED_AVAILABILITY = YES_AGGRESSIVE;
				CLANG_WARN_UNREACHABLE_CODE = YES;
				CLANG_WARN__DUPLICATE_METHOD_MATCH = YES;
				COPY_PHASE_STRIP = NO;
				DEBUG_INFORMATION_FORMAT = dwarf;
				ENABLE_STRICT_OBJC_MSGSEND = YES;
				ENABLE_TESTABILITY = YES;
				ENABLE_USER_SCRIPT_SANDBOXING = YES;
				GCC_C_LANGUAGE_STANDARD = gnu17;
				GCC_DYNAMIC_NO_PIC = NO;
				GCC_NO_COMMON_BLOCKS = YES;
				GCC_OPTIMIZATION_LEVEL = 0;
				GCC_PREPROCESSOR_DEFINITIONS = (
					"DEBUG=1",
					"$(inherited)",
				);
				GCC_WARN_64_TO_32_BIT_CONVERSION = YES;
				GCC_WARN_ABOUT_RETURN_TYPE = YES_ERROR;
				GCC_WARN_UNDECLARED_SELECTOR = YES;
				GCC_WARN_UNINITIALIZED_AUTOS = YES_AGGRESSIVE;
				GCC_WARN_UNUSED_FUNCTION = YES;
				GCC_WARN_UNUSED_VARIABLE = YES;
				IPHONEOS_DEPLOYMENT_TARGET = 17.5;
				LOCALIZATION_PREFERS_STRING_CATALOGS = YES;
				MTL_ENABLE_DEBUG_INFO = INCLUDE_SOURCE;
				MTL_FAST_MATH = YES;
				ONLY_ACTIVE_ARCH = YES;
				SDKROOT = iphoneos;
				SWIFT_ACTIVE_COMPILATION_CONDITIONS = "DEBUG $(inherited)";
				SWIFT_OPTIMIZATION_LEVEL = "-Onone";
			};
			name = Debug;
		};
		5793AE922C13869400BFB097 /* Release */ = {
			isa = XCBuildConfiguration;
			buildSettings = {
				ALWAYS_SEARCH_USER_PATHS = NO;
				ASSETCATALOG_COMPILER_GENERATE_SWIFT_ASSET_SYMBOL_EXTENSIONS = YES;
				CLANG_ANALYZER_NONNULL = YES;
				CLANG_ANALYZER_NUMBER_OBJECT_CONVERSION = YES_AGGRESSIVE;
				CLANG_CXX_LANGUAGE_STANDARD = "gnu++20";
				CLANG_ENABLE_MODULES = YES;
				CLANG_ENABLE_OBJC_ARC = YES;
				CLANG_ENABLE_OBJC_WEAK = YES;
				CLANG_WARN_BLOCK_CAPTURE_AUTORELEASING = YES;
				CLANG_WARN_BOOL_CONVERSION = YES;
				CLANG_WARN_COMMA = YES;
				CLANG_WARN_CONSTANT_CONVERSION = YES;
				CLANG_WARN_DEPRECATED_OBJC_IMPLEMENTATIONS = YES;
				CLANG_WARN_DIRECT_OBJC_ISA_USAGE = YES_ERROR;
				CLANG_WARN_DOCUMENTATION_COMMENTS = YES;
				CLANG_WARN_EMPTY_BODY = YES;
				CLANG_WARN_ENUM_CONVERSION = YES;
				CLANG_WARN_INFINITE_RECURSION = YES;
				CLANG_WARN_INT_CONVERSION = YES;
				CLANG_WARN_NON_LITERAL_NULL_CONVERSION = YES;
				CLANG_WARN_OBJC_IMPLICIT_RETAIN_SELF = YES;
				CLANG_WARN_OBJC_LITERAL_CONVERSION = YES;
				CLANG_WARN_OBJC_ROOT_CLASS = YES_ERROR;
				CLANG_WARN_QUOTED_INCLUDE_IN_FRAMEWORK_HEADER = YES;
				CLANG_WARN_RANGE_LOOP_ANALYSIS = YES;
				CLANG_WARN_STRICT_PROTOTYPES = YES;
				CLANG_WARN_SUSPICIOUS_MOVE = YES;
				CLANG_WARN_UNGUARDED_AVAILABILITY = YES_AGGRESSIVE;
				CLANG_WARN_UNREACHABLE_CODE = YES;
				CLANG_WARN__DUPLICATE_METHOD_MATCH = YES;
				COPY_PHASE_STRIP = NO;
				DEBUG_INFORMATION_FORMAT = "dwarf-with-dsym";
				ENABLE_NS_ASSERTIONS = NO;
				ENABLE_STRICT_OBJC_MSGSEND = YES;
				ENABLE_USER_SCRIPT_SANDBOXING = YES;
				GCC_C_LANGUAGE_STANDARD = gnu17;
				GCC_NO_COMMON_BLOCKS = YES;
				GCC_WARN_64_TO_32_BIT_CONVERSION = YES;
				GCC_WARN_ABOUT_RETURN_TYPE = YES_ERROR;
				GCC_WARN_UNDECLARED_SELECTOR = YES;
				GCC_WARN_UNINITIALIZED_AUTOS = YES_AGGRESSIVE;
				GCC_WARN_UNUSED_FUNCTION = YES;
				GCC_WARN_UNUSED_VARIABLE = YES;
				IPHONEOS_DEPLOYMENT_TARGET = 17.5;
				LOCALIZATION_PREFERS_STRING_CATALOGS = YES;
				MTL_ENABLE_DEBUG_INFO = NO;
				MTL_FAST_MATH = YES;
				SDKROOT = iphoneos;
				SWIFT_COMPILATION_MODE = wholemodule;
				VALIDATE_PRODUCT = YES;
			};
			name = Release;
		};
		5793AE942C13869400BFB097 /* Debug */ = {
			isa = XCBuildConfiguration;
			buildSettings = {
				ASSETCATALOG_COMPILER_APPICON_NAME = AppIcon;
				ASSETCATALOG_COMPILER_GLOBAL_ACCENT_COLOR_NAME = AccentColor;
				CODE_SIGN_STYLE = Automatic;
				CURRENT_PROJECT_VERSION = 1;
				DEVELOPMENT_ASSET_PATHS = "\"LCSYelp/Preview Content\"";
				DEVELOPMENT_TEAM = N5FQ25Y4SQ;
				ENABLE_PREVIEWS = YES;
				GENERATE_INFOPLIST_FILE = YES;
				INFOPLIST_KEY_UIApplicationSceneManifest_Generation = YES;
				INFOPLIST_KEY_UIApplicationSupportsIndirectInputEvents = YES;
				INFOPLIST_KEY_UILaunchScreen_Generation = YES;
				INFOPLIST_KEY_UISupportedInterfaceOrientations_iPad = "UIInterfaceOrientationPortrait UIInterfaceOrientationPortraitUpsideDown UIInterfaceOrientationLandscapeLeft UIInterfaceOrientationLandscapeRight";
				INFOPLIST_KEY_UISupportedInterfaceOrientations_iPhone = "UIInterfaceOrientationPortrait UIInterfaceOrientationLandscapeLeft UIInterfaceOrientationLandscapeRight";
				LD_RUNPATH_SEARCH_PATHS = (
					"$(inherited)",
					"@executable_path/Frameworks",
				);
				MARKETING_VERSION = 1.0;
				PRODUCT_BUNDLE_IDENTIFIER = ca.ayo.LCSYelp;
				PRODUCT_NAME = "$(TARGET_NAME)";
				SWIFT_EMIT_LOC_STRINGS = YES;
				SWIFT_VERSION = 5.0;
				TARGETED_DEVICE_FAMILY = "1,2";
			};
			name = Debug;
		};
		5793AE952C13869400BFB097 /* Release */ = {
			isa = XCBuildConfiguration;
			buildSettings = {
				ASSETCATALOG_COMPILER_APPICON_NAME = AppIcon;
				ASSETCATALOG_COMPILER_GLOBAL_ACCENT_COLOR_NAME = AccentColor;
				CODE_SIGN_STYLE = Automatic;
				CURRENT_PROJECT_VERSION = 1;
				DEVELOPMENT_ASSET_PATHS = "\"LCSYelp/Preview Content\"";
				DEVELOPMENT_TEAM = N5FQ25Y4SQ;
				ENABLE_PREVIEWS = YES;
				GENERATE_INFOPLIST_FILE = YES;
				INFOPLIST_KEY_UIApplicationSceneManifest_Generation = YES;
				INFOPLIST_KEY_UIApplicationSupportsIndirectInputEvents = YES;
				INFOPLIST_KEY_UILaunchScreen_Generation = YES;
				INFOPLIST_KEY_UISupportedInterfaceOrientations_iPad = "UIInterfaceOrientationPortrait UIInterfaceOrientationPortraitUpsideDown UIInterfaceOrientationLandscapeLeft UIInterfaceOrientationLandscapeRight";
				INFOPLIST_KEY_UISupportedInterfaceOrientations_iPhone = "UIInterfaceOrientationPortrait UIInterfaceOrientationLandscapeLeft UIInterfaceOrientationLandscapeRight";
				LD_RUNPATH_SEARCH_PATHS = (
					"$(inherited)",
					"@executable_path/Frameworks",
				);
				MARKETING_VERSION = 1.0;
				PRODUCT_BUNDLE_IDENTIFIER = ca.ayo.LCSYelp;
				PRODUCT_NAME = "$(TARGET_NAME)";
				SWIFT_EMIT_LOC_STRINGS = YES;
				SWIFT_VERSION = 5.0;
				TARGETED_DEVICE_FAMILY = "1,2";
			};
			name = Release;
		};
/* End XCBuildConfiguration section */

/* Begin XCConfigurationList section */
		5793AE802C13869200BFB097 /* Build configuration list for PBXProject "LCSYelp" */ = {
			isa = XCConfigurationList;
			buildConfigurations = (
				5793AE912C13869400BFB097 /* Debug */,
				5793AE922C13869400BFB097 /* Release */,
			);
			defaultConfigurationIsVisible = 0;
			defaultConfigurationName = Release;
		};
		5793AE932C13869400BFB097 /* Build configuration list for PBXNativeTarget "LCSYelp" */ = {
			isa = XCConfigurationList;
			buildConfigurations = (
				5793AE942C13869400BFB097 /* Debug */,
				5793AE952C13869400BFB097 /* Release */,
			);
			defaultConfigurationIsVisible = 0;
			defaultConfigurationName = Release;
		};
/* End XCConfigurationList section */
	};
	rootObject = 5793AE7D2C13869200BFB097 /* Project object */;
}
